
Microsoft Visual Studio Solution File, Format Version 12.00
# Visual Studio Version 17
VisualStudioVersion = 17.7.34202.233
MinimumVisualStudioVersion = 10.0.40219.1
Project("{FAE04EC0-301F-11D3-BF4B-00C04F79EFBC}") = "Cantor_Andrei_lab1", "Cantor_Andrei_lab1.csproj", "{8E368480-BF75-43C7-AAD7-C6452D1E6FFE}"
EndProject
Global
	GlobalSection(SolutionConfigurationPlatforms) = preSolution
		Debug|Any CPU = Debug|Any CPU
		Release|Any CPU = Release|Any CPU
	EndGlobalSection
	GlobalSection(ProjectConfigurationPlatforms) = postSolution
		{8E368480-BF75-43C7-AAD7-C6452D1E6FFE}.Debug|Any CPU.ActiveCfg = Debug|Any CPU
		{8E368480-BF75-43C7-AAD7-C6452D1E6FFE}.Debug|Any CPU.Build.0 = Debug|Any CPU
		{8E368480-BF75-43C7-AAD7-C6452D1E6FFE}.Release|Any CPU.ActiveCfg = Release|Any CPU
		{8E368480-BF75-43C7-AAD7-C6452D1E6FFE}.Release|Any CPU.Build.0 = Release|Any CPU
	EndGlobalSection
	GlobalSection(SolutionProperties) = preSolution
		HideSolutionNode = FALSE
	EndGlobalSection
	GlobalSection(ExtensibilityGlobals) = postSolution
		SolutionGuid = {76E0CCB8-0BED-4DD4-BBDA-2ED7F432006B}
	EndGlobalSection
EndGlobal
